
Microsoft Visual Studio Solution File, Format Version 12.00
# Visual Studio Version 17
VisualStudioVersion = 17.6.33815.320
MinimumVisualStudioVersion = 10.0.40219.1
Project("{FAE04EC0-301F-11D3-BF4B-00C04F79EFBC}") = "mission_1", "mission_1.csproj", "{94E9B6E9-937C-4EA2-97AF-E2DB29F52D20}"
EndProject
Global
	GlobalSection(SolutionConfigurationPlatforms) = preSolution
		Debug|Any CPU = Debug|Any CPU
		Release|Any CPU = Release|Any CPU
	EndGlobalSection
	GlobalSection(ProjectConfigurationPlatforms) = postSolution
		{94E9B6E9-937C-4EA2-97AF-E2DB29F52D20}.Debug|Any CPU.ActiveCfg = Debug|Any CPU
		{94E9B6E9-937C-4EA2-97AF-E2DB29F52D20}.Debug|Any CPU.Build.0 = Debug|Any CPU
		{94E9B6E9-937C-4EA2-97AF-E2DB29F52D20}.Release|Any CPU.ActiveCfg = Release|Any CPU
		{94E9B6E9-937C-4EA2-97AF-E2DB29F52D20}.Release|Any CPU.Build.0 = Release|Any CPU
	EndGlobalSection
	GlobalSection(SolutionProperties) = preSolution
		HideSolutionNode = FALSE
	EndGlobalSection
	GlobalSection(ExtensibilityGlobals) = postSolution
		SolutionGuid = {70477FB2-48AD-422C-B394-8A889BD8F230}
	EndGlobalSection
EndGlobal
